{
  "name": "backend_boilerplate_js",
  "lockfileVersion": 3,
  "requires": true,
  "packages": {
    "": {
      "name": "backend_boilerplate_js",
      "devDependencies": {
        "@types/bun": "^1.0.1"
      },
      "peerDependencies": {
        "typescript": "^5.0.0"
      }
    },
    "node_modules/@types/bun": {
      "version": "1.0.1",
      "dev": true,
      "license": "MIT",
      "dependencies": {
        "bun-types": "1.0.21"
      }
    },
    "node_modules/@types/node": {
      "version": "20.11.0",
      "dev": true,
      "license": "MIT",
      "dependencies": {
        "undici-types": "~5.26.4"
      }
    },
    "node_modules/@types/node/node_modules/undici-types": {
      "version": "5.26.5",
      "dev": true,
      "license": "MIT"
    },
    "node_modules/@types/ws": {
      "version": "8.5.10",
      "dev": true,
      "license": "MIT",
      "dependencies": {
        "@types/node": "*"
      }
    },
    "node_modules/bun-types": {
      "version": "1.0.21",
      "dev": true,
      "license": "MIT",
      "dependencies": {
        "@types/node": "*",
        "@types/ws": "*",
        "undici-types": "^5.26.4"
      }
    },
    "node_modules/typescript": {
      "version": "5.3.3",
      "license": "Apache-2.0",
      "peer": true,
      "bin": {
        "tsc": "bin/tsc",
        "tsserver": "bin/tsserver"
      },
      "engines": {
        "node": ">=14.17"
      }
    },
    "node_modules/undici-types": {
      "version": "5.28.2",
      "dev": true,
      "license": "MIT"
    }
  }
}
